PODS:
  - Expecta (1.0.0)
  - JCUtils (0.1.0)
  - Specta (1.0.2)

DEPENDENCIES:
  - Expecta
  - JCUtils (from `../`)
  - Specta

EXTERNAL SOURCES:
  JCUtils:
    :path: ../

SPEC CHECKSUMS:
  Expecta: 32604574add2c46a36f8d2f716b6c5736eb75024
  JCUtils: b458f60c6816e046788b907a77dd8c4249e08560
  Specta: 9cec98310dca411f7c7ffd6943552b501622abfe

COCOAPODS: 0.37.2
